
Microsoft Visual Studio Solution File, Format Version 12.00
# Visual Studio 15
VisualStudioVersion = 15.0.26430.14
MinimumVisualStudioVersion = 10.0.40219.1
Project("{2150E333-8FDC-42A3-9474-1A3956D46DE8}") = "src", "src", "{3D545921-CBC6-4A22-8A37-735977D9202B}"
EndProject
Project("{2150E333-8FDC-42A3-9474-1A3956D46DE8}") = "Solution Items", "Solution Items", "{D68230EE-A4BE-46D3-A57F-4A70CE10A8B6}"
	ProjectSection(SolutionItems) = preProject
		.gitignore = .gitignore
		readme.md = readme.md
	EndProjectSection
EndProject
Project("{9A19103F-16F7-4668-BE54-9A1E7A4F7556}") = "EFDemo", "src\EFDemo\EFDemo.csproj", "{2016439B-A724-443C-85F2-D060631E179A}"
EndProject
Global
	GlobalSection(SolutionConfigurationPlatforms) = preSolution
		Debug|Any CPU = Debug|Any CPU
		Release|Any CPU = Release|Any CPU
	EndGlobalSection
	GlobalSection(ProjectConfigurationPlatforms) = postSolution
		{2016439B-A724-443C-85F2-D060631E179A}.Debug|Any CPU.ActiveCfg = Debug|Any CPU
		{2016439B-A724-443C-85F2-D060631E179A}.Debug|Any CPU.Build.0 = Debug|Any CPU
		{2016439B-A724-443C-85F2-D060631E179A}.Release|Any CPU.ActiveCfg = Release|Any CPU
		{2016439B-A724-443C-85F2-D060631E179A}.Release|Any CPU.Build.0 = Release|Any CPU
	EndGlobalSection
	GlobalSection(SolutionProperties) = preSolution
		HideSolutionNode = FALSE
	EndGlobalSection
	GlobalSection(NestedProjects) = preSolution
		{2016439B-A724-443C-85F2-D060631E179A} = {3D545921-CBC6-4A22-8A37-735977D9202B}
	EndGlobalSection
EndGlobal
